
Microsoft Visual Studio Solution File, Format Version 12.00
# Visual Studio Version 17
VisualStudioVersion = 17.9.34728.123
MinimumVisualStudioVersion = 10.0.40219.1
Project("{FAE04EC0-301F-11D3-BF4B-00C04F79EFBC}") = "HiariProjetoMultiplasTelas", "HiariProjetoMultiplasTelas\HiariProjetoMultiplasTelas.csproj", "{387E0437-D366-41C4-A182-E234C6A3999F}"
EndProject
Global
	GlobalSection(SolutionConfigurationPlatforms) = preSolution
		Debug|Any CPU = Debug|Any CPU
		Release|Any CPU = Release|Any CPU
	EndGlobalSection
	GlobalSection(ProjectConfigurationPlatforms) = postSolution
		{387E0437-D366-41C4-A182-E234C6A3999F}.Debug|Any CPU.ActiveCfg = Debug|Any CPU
		{387E0437-D366-41C4-A182-E234C6A3999F}.Debug|Any CPU.Build.0 = Debug|Any CPU
		{387E0437-D366-41C4-A182-E234C6A3999F}.Release|Any CPU.ActiveCfg = Release|Any CPU
		{387E0437-D366-41C4-A182-E234C6A3999F}.Release|Any CPU.Build.0 = Release|Any CPU
	EndGlobalSection
	GlobalSection(SolutionProperties) = preSolution
		HideSolutionNode = FALSE
	EndGlobalSection
	GlobalSection(ExtensibilityGlobals) = postSolution
		SolutionGuid = {3CB2D9A9-2AD9-4567-AF7D-14A39FBDCD05}
	EndGlobalSection
EndGlobal
